{
  "version": 4,
  "terraform_version": "1.5.1",
  "serial": 217,
  "lineage": "f049e945-7ca6-5c59-b3e7-7c9175a5e776",
  "outputs": {},
  "resources": [
    {
      "mode": "managed",
      "type": "aci_cdp_interface_policy",
      "name": "cdp_disabled",
      "provider": "provider[\"registry.terraform.io/ciscodevnet/aci\"]",
      "instances": [
        {
          "schema_version": 1,
          "attributes": {
            "admin_st": "disabled",
            "annotation": "tag_cdp",
            "description": "From Terraform",
            "id": "uni/infra/cdpIfP-cdp_disabled",
            "name": "cdp_disabled",
            "name_alias": "alias_cdp"
          },
          "sensitive_attributes": [],
          "private": "eyJzY2hlbWFfdmVyc2lvbiI6IjEifQ=="
        }
      ]
    },
    {
      "mode": "managed",
      "type": "aci_cdp_interface_policy",
      "name": "cdp_enabled",
      "provider": "provider[\"registry.terraform.io/ciscodevnet/aci\"]",
      "instances": [
        {
          "schema_version": 1,
          "attributes": {
            "admin_st": "enabled",
            "annotation": "tag_cdp",
            "description": "From Terraform",
            "id": "uni/infra/cdpIfP-cdp_enabled",
            "name": "cdp_enabled",
            "name_alias": "alias_cdp"
          },
          "sensitive_attributes": [],
          "private": "eyJzY2hlbWFfdmVyc2lvbiI6IjEifQ=="
        }
      ]
    },
    {
      "mode": "managed",
      "type": "aci_leaf_interface_profile",
      "name": "IntProf-101",
      "provider": "provider[\"registry.terraform.io/ciscodevnet/aci\"]",
      "instances": [
        {
          "schema_version": 1,
          "attributes": {
            "annotation": "tag_leaf",
            "description": "From Terraform",
            "id": "uni/infra/accportprof-IntProf-101",
            "name": "IntProf-101",
            "name_alias": "name_alias"
          },
          "sensitive_attributes": [],
          "private": "eyJzY2hlbWFfdmVyc2lvbiI6IjEifQ=="
        }
      ]
    },
    {
      "mode": "managed",
      "type": "aci_leaf_interface_profile",
      "name": "IntProf-102",
      "provider": "provider[\"registry.terraform.io/ciscodevnet/aci\"]",
      "instances": [
        {
          "schema_version": 1,
          "attributes": {
            "annotation": "tag_leaf",
            "description": "From Terraform",
            "id": "uni/infra/accportprof-IntProf-102",
            "name": "IntProf-102",
            "name_alias": "name_alias"
          },
          "sensitive_attributes": [],
          "private": "eyJzY2hlbWFfdmVyc2lvbiI6IjEifQ=="
        }
      ]
    },
    {
      "mode": "managed",
      "type": "aci_lldp_interface_policy",
      "name": "LLDP_RX-off_TX-off",
      "provider": "provider[\"registry.terraform.io/ciscodevnet/aci\"]",
      "instances": [
        {
          "schema_version": 1,
          "attributes": {
            "admin_rx_st": "disabled",
            "admin_tx_st": "disabled",
            "annotation": "tag_lldp",
            "description": "example description",
            "id": "uni/infra/lldpIfP-LLDP_RX-off_TX-off",
            "name": "LLDP_RX-off_TX-off",
            "name_alias": ""
          },
          "sensitive_attributes": [],
          "private": "eyJzY2hlbWFfdmVyc2lvbiI6IjEifQ=="
        }
      ]
    },
    {
      "mode": "managed",
      "type": "aci_lldp_interface_policy",
      "name": "LLDP_RX-off_TX-on",
      "provider": "provider[\"registry.terraform.io/ciscodevnet/aci\"]",
      "instances": [
        {
          "schema_version": 1,
          "attributes": {
            "admin_rx_st": "disabled",
            "admin_tx_st": "enabled",
            "annotation": "tag_lldp",
            "description": "example description",
            "id": "uni/infra/lldpIfP-LLDP_RX-off_TX-on",
            "name": "LLDP_RX-off_TX-on",
            "name_alias": ""
          },
          "sensitive_attributes": [],
          "private": "eyJzY2hlbWFfdmVyc2lvbiI6IjEifQ=="
        }
      ]
    },
    {
      "mode": "managed",
      "type": "aci_lldp_interface_policy",
      "name": "LLDP_RX-on_TX-off",
      "provider": "provider[\"registry.terraform.io/ciscodevnet/aci\"]",
      "instances": [
        {
          "schema_version": 1,
          "attributes": {
            "admin_rx_st": "enabled",
            "admin_tx_st": "disabled",
            "annotation": "tag_lldp",
            "description": "example description",
            "id": "uni/infra/lldpIfP-LLDP_RX-on_TX-off",
            "name": "LLDP_RX-on_TX-off",
            "name_alias": ""
          },
          "sensitive_attributes": [],
          "private": "eyJzY2hlbWFfdmVyc2lvbiI6IjEifQ=="
        }
      ]
    },
    {
      "mode": "managed",
      "type": "aci_lldp_interface_policy",
      "name": "LLDP_RX-on_TX-on",
      "provider": "provider[\"registry.terraform.io/ciscodevnet/aci\"]",
      "instances": [
        {
          "schema_version": 1,
          "attributes": {
            "admin_rx_st": "enabled",
            "admin_tx_st": "enabled",
            "annotation": "tag_lldp",
            "description": "example description",
            "id": "uni/infra/lldpIfP-LLDP_RX-on_TX-on",
            "name": "LLDP_RX-on_TX-on",
            "name_alias": ""
          },
          "sensitive_attributes": [],
          "private": "eyJzY2hlbWFfdmVyc2lvbiI6IjEifQ=="
        }
      ]
    },
    {
      "module": "module.aci_aaep",
      "mode": "managed",
      "type": "aci_rest_managed",
      "name": "infraAttEntityP",
      "provider": "provider[\"registry.terraform.io/ciscodevnet/aci\"]",
      "instances": [
        {
          "schema_version": 0,
          "attributes": {
            "child": [],
            "class_name": "infraAttEntityP",
            "content": {
              "descr": "",
              "name": "BU1_AAEP",
              "nameAlias": "",
              "ownerKey": "",
              "ownerTag": "",
              "userdom": ":all:"
            },
            "dn": "uni/infra/attentp-BU1_AAEP",
            "id": "uni/infra/attentp-BU1_AAEP"
          },
          "sensitive_attributes": [],
          "private": "bnVsbA=="
        }
      ]
    },
    {
      "module": "module.aci_aaep",
      "mode": "managed",
      "type": "aci_rest_managed",
      "name": "infraRsDomP",
      "provider": "provider[\"registry.terraform.io/ciscodevnet/aci\"]",
      "instances": [
        {
          "index_key": "uni/phys-BU1_BMH-Domain",
          "schema_version": 0,
          "attributes": {
            "child": [],
            "class_name": "infraRsDomP",
            "content": {
              "tDn": "uni/phys-BU1_BMH-Domain",
              "userdom": ":all:"
            },
            "dn": "uni/infra/attentp-BU1_AAEP/rsdomP-[uni/phys-BU1_BMH-Domain]",
            "id": "uni/infra/attentp-BU1_AAEP/rsdomP-[uni/phys-BU1_BMH-Domain]"
          },
          "sensitive_attributes": [],
          "private": "bnVsbA==",
          "dependencies": [
            "module.aci_aaep.aci_rest_managed.infraAttEntityP"
          ]
        }
      ]
    },
    {
      "module": "module.aci_access_leaf_interface_policy_group",
      "mode": "managed",
      "type": "aci_rest_managed",
      "name": "infraAccGrp",
      "provider": "provider[\"registry.terraform.io/ciscodevnet/aci\"]",
      "instances": [
        {
          "schema_version": 0,
          "attributes": {
            "child": [],
            "class_name": "infraAccPortGrp",
            "content": {
              "descr": "VPC Interface Policy Group 1",
              "name": "10G-CDP-LLDP",
              "nameAlias": "",
              "ownerKey": "",
              "ownerTag": "",
              "userdom": ":all:"
            },
            "dn": "uni/infra/funcprof/accportgrp-10G-CDP-LLDP",
            "id": "uni/infra/funcprof/accportgrp-10G-CDP-LLDP"
          },
          "sensitive_attributes": [],
          "private": "bnVsbA=="
        }
      ]
    },
    {
      "module": "module.aci_access_leaf_interface_policy_group",
      "mode": "managed",
      "type": "aci_rest_managed",
      "name": "infraRsAttEntP",
      "provider": "provider[\"registry.terraform.io/ciscodevnet/aci\"]",
      "instances": [
        {
          "index_key": 0,
          "schema_version": 0,
          "attributes": {
            "child": [],
            "class_name": "infraRsAttEntP",
            "content": {
              "tDn": "uni/infra/attentp-BU1_AAEP",
              "userdom": ":all:"
            },
            "dn": "uni/infra/funcprof/accportgrp-10G-CDP-LLDP/rsattEntP",
            "id": "uni/infra/funcprof/accportgrp-10G-CDP-LLDP/rsattEntP"
          },
          "sensitive_attributes": [],
          "private": "bnVsbA==",
          "dependencies": [
            "module.aci_access_leaf_interface_policy_group.aci_rest_managed.infraAccGrp"
          ]
        }
      ]
    },
    {
      "module": "module.aci_access_leaf_interface_policy_group",
      "mode": "managed",
      "type": "aci_rest_managed",
      "name": "infraRsCdpIfPol",
      "provider": "provider[\"registry.terraform.io/ciscodevnet/aci\"]",
      "instances": [
        {
          "index_key": 0,
          "schema_version": 0,
          "attributes": {
            "child": [],
            "class_name": "infraRsCdpIfPol",
            "content": {
              "tnCdpIfPolName": "CDP-ON",
              "userdom": "all"
            },
            "dn": "uni/infra/funcprof/accportgrp-10G-CDP-LLDP/rscdpIfPol",
            "id": "uni/infra/funcprof/accportgrp-10G-CDP-LLDP/rscdpIfPol"
          },
          "sensitive_attributes": [],
          "private": "bnVsbA==",
          "dependencies": [
            "module.aci_access_leaf_interface_policy_group.aci_rest_managed.infraAccGrp"
          ]
        }
      ]
    },
    {
      "module": "module.aci_access_leaf_interface_policy_group",
      "mode": "managed",
      "type": "aci_rest_managed",
      "name": "infraRsHIfPol",
      "provider": "provider[\"registry.terraform.io/ciscodevnet/aci\"]",
      "instances": [
        {
          "index_key": 0,
          "schema_version": 0,
          "attributes": {
            "child": [],
            "class_name": "infraRsHIfPol",
            "content": {
              "tnFabricHIfPolName": "10G",
              "userdom": "all"
            },
            "dn": "uni/infra/funcprof/accportgrp-10G-CDP-LLDP/rshIfPol",
            "id": "uni/infra/funcprof/accportgrp-10G-CDP-LLDP/rshIfPol"
          },
          "sensitive_attributes": [],
          "private": "bnVsbA==",
          "dependencies": [
            "module.aci_access_leaf_interface_policy_group.aci_rest_managed.infraAccGrp"
          ]
        }
      ]
    },
    {
      "module": "module.aci_access_leaf_interface_policy_group",
      "mode": "managed",
      "type": "aci_rest_managed",
      "name": "infraRsL2IfPol",
      "provider": "provider[\"registry.terraform.io/ciscodevnet/aci\"]",
      "instances": [
        {
          "index_key": 0,
          "schema_version": 0,
          "attributes": {
            "child": [],
            "class_name": "infraRsL2IfPol",
            "content": {
              "tnL2IfPolName": "",
              "userdom": "all"
            },
            "dn": "uni/infra/funcprof/accportgrp-10G-CDP-LLDP/rsl2IfPol",
            "id": "uni/infra/funcprof/accportgrp-10G-CDP-LLDP/rsl2IfPol"
          },
          "sensitive_attributes": [],
          "private": "bnVsbA==",
          "dependencies": [
            "module.aci_access_leaf_interface_policy_group.aci_rest_managed.infraAccGrp"
          ]
        }
      ]
    },
    {
      "module": "module.aci_access_leaf_interface_policy_group",
      "mode": "managed",
      "type": "aci_rest_managed",
      "name": "infraRsLldpIfPol",
      "provider": "provider[\"registry.terraform.io/ciscodevnet/aci\"]",
      "instances": [
        {
          "index_key": 0,
          "schema_version": 0,
          "attributes": {
            "child": [],
            "class_name": "infraRsLldpIfPol",
            "content": {
              "tnLldpIfPolName": "LLDP-ON",
              "userdom": "all"
            },
            "dn": "uni/infra/funcprof/accportgrp-10G-CDP-LLDP/rslldpIfPol",
            "id": "uni/infra/funcprof/accportgrp-10G-CDP-LLDP/rslldpIfPol"
          },
          "sensitive_attributes": [],
          "private": "bnVsbA==",
          "dependencies": [
            "module.aci_access_leaf_interface_policy_group.aci_rest_managed.infraAccGrp"
          ]
        }
      ]
    },
    {
      "module": "module.aci_access_leaf_interface_policy_group",
      "mode": "managed",
      "type": "aci_rest_managed",
      "name": "infraRsMcpIfPol",
      "provider": "provider[\"registry.terraform.io/ciscodevnet/aci\"]",
      "instances": [
        {
          "index_key": 0,
          "schema_version": 0,
          "attributes": {
            "child": [],
            "class_name": "infraRsMcpIfPol",
            "content": {
              "tnMcpIfPolName": "",
              "userdom": "all"
            },
            "dn": "uni/infra/funcprof/accportgrp-10G-CDP-LLDP/rsmcpIfPol",
            "id": "uni/infra/funcprof/accportgrp-10G-CDP-LLDP/rsmcpIfPol"
          },
          "sensitive_attributes": [],
          "private": "bnVsbA==",
          "dependencies": [
            "module.aci_access_leaf_interface_policy_group.aci_rest_managed.infraAccGrp"
          ]
        }
      ]
    },
    {
      "module": "module.aci_access_leaf_interface_policy_group",
      "mode": "managed",
      "type": "aci_rest_managed",
      "name": "infraRsStormctrlIfPol",
      "provider": "provider[\"registry.terraform.io/ciscodevnet/aci\"]",
      "instances": [
        {
          "index_key": 0,
          "schema_version": 0,
          "attributes": {
            "child": [],
            "class_name": "infraRsStormctrlIfPol",
            "content": {
              "tnStormctrlIfPolName": "",
              "userdom": "all"
            },
            "dn": "uni/infra/funcprof/accportgrp-10G-CDP-LLDP/rsstormctrlIfPol",
            "id": "uni/infra/funcprof/accportgrp-10G-CDP-LLDP/rsstormctrlIfPol"
          },
          "sensitive_attributes": [],
          "private": "bnVsbA==",
          "dependencies": [
            "module.aci_access_leaf_interface_policy_group.aci_rest_managed.infraAccGrp"
          ]
        }
      ]
    },
    {
      "module": "module.aci_access_leaf_interface_policy_group",
      "mode": "managed",
      "type": "aci_rest_managed",
      "name": "infraRsStpIfPol",
      "provider": "provider[\"registry.terraform.io/ciscodevnet/aci\"]",
      "instances": [
        {
          "index_key": 0,
          "schema_version": 0,
          "attributes": {
            "child": [],
            "class_name": "infraRsStpIfPol",
            "content": {
              "tnStpIfPolName": "",
              "userdom": "all"
            },
            "dn": "uni/infra/funcprof/accportgrp-10G-CDP-LLDP/rsstpIfPol",
            "id": "uni/infra/funcprof/accportgrp-10G-CDP-LLDP/rsstpIfPol"
          },
          "sensitive_attributes": [],
          "private": "bnVsbA==",
          "dependencies": [
            "module.aci_access_leaf_interface_policy_group.aci_rest_managed.infraAccGrp"
          ]
        }
      ]
    },
    {
      "module": "module.aci_access_leaf_interface_selector",
      "mode": "managed",
      "type": "aci_rest_managed",
      "name": "infraHPortS",
      "provider": "provider[\"registry.terraform.io/ciscodevnet/aci\"]",
      "instances": [
        {
          "schema_version": 0,
          "attributes": {
            "child": [],
            "class_name": "infraHPortS",
            "content": {
              "descr": "",
              "name": "E1",
              "nameAlias": "",
              "ownerKey": "",
              "ownerTag": "",
              "type": "range",
              "userdom": ":all:"
            },
            "dn": "uni/infra/accportprof-IntProf-101/hports-E1-typ-range",
            "id": "uni/infra/accportprof-IntProf-101/hports-E1-typ-range"
          },
          "sensitive_attributes": [],
          "private": "bnVsbA=="
        }
      ]
    },
    {
      "module": "module.aci_access_leaf_interface_selector",
      "mode": "managed",
      "type": "aci_rest_managed",
      "name": "infraPortBlk",
      "provider": "provider[\"registry.terraform.io/ciscodevnet/aci\"]",
      "instances": [
        {
          "index_key": "PB1",
          "schema_version": 0,
          "attributes": {
            "child": [],
            "class_name": "infraPortBlk",
            "content": {
              "descr": "My Description",
              "fromCard": "1",
              "fromPort": "1",
              "name": "PB1",
              "nameAlias": "",
              "toCard": "1",
              "toPort": "1",
              "userdom": ":all:"
            },
            "dn": "uni/infra/accportprof-IntProf-101/hports-E1-typ-range/portblk-PB1",
            "id": "uni/infra/accportprof-IntProf-101/hports-E1-typ-range/portblk-PB1"
          },
          "sensitive_attributes": [],
          "private": "bnVsbA==",
          "dependencies": [
            "module.aci_access_leaf_interface_selector.aci_rest_managed.infraHPortS"
          ]
        }
      ]
    },
    {
      "module": "module.aci_access_leaf_interface_selector",
      "mode": "managed",
      "type": "aci_rest_managed",
      "name": "infraRsAccBaseGrp",
      "provider": "provider[\"registry.terraform.io/ciscodevnet/aci\"]",
      "instances": [
        {
          "index_key": 0,
          "schema_version": 0,
          "attributes": {
            "child": [],
            "class_name": "infraRsAccBaseGrp",
            "content": {
              "fexId": "101",
              "tDn": "uni/infra/funcprof/accportgrp-10G-CDP-LLDP",
              "userdom": ":all:"
            },
            "dn": "uni/infra/accportprof-IntProf-101/hports-E1-typ-range/rsaccBaseGrp",
            "id": "uni/infra/accportprof-IntProf-101/hports-E1-typ-range/rsaccBaseGrp"
          },
          "sensitive_attributes": [],
          "private": "bnVsbA==",
          "dependencies": [
            "module.aci_access_leaf_interface_selector.aci_rest_managed.infraHPortS"
          ]
        }
      ]
    },
    {
      "module": "module.aci_access_leaf_interface_selector_E2",
      "mode": "managed",
      "type": "aci_rest_managed",
      "name": "infraHPortS",
      "provider": "provider[\"registry.terraform.io/ciscodevnet/aci\"]",
      "instances": [
        {
          "schema_version": 0,
          "attributes": {
            "child": [],
            "class_name": "infraHPortS",
            "content": {
              "descr": "",
              "name": "E2",
              "nameAlias": "",
              "ownerKey": "",
              "ownerTag": "",
              "type": "range",
              "userdom": ":all:"
            },
            "dn": "uni/infra/accportprof-IntProf-101/hports-E2-typ-range",
            "id": "uni/infra/accportprof-IntProf-101/hports-E2-typ-range"
          },
          "sensitive_attributes": [],
          "private": "bnVsbA=="
        }
      ]
    },
    {
      "module": "module.aci_access_leaf_interface_selector_E2",
      "mode": "managed",
      "type": "aci_rest_managed",
      "name": "infraPortBlk",
      "provider": "provider[\"registry.terraform.io/ciscodevnet/aci\"]",
      "instances": [
        {
          "index_key": "PB2",
          "schema_version": 0,
          "attributes": {
            "child": [],
            "class_name": "infraPortBlk",
            "content": {
              "descr": "My Description",
              "fromCard": "1",
              "fromPort": "2",
              "name": "PB2",
              "nameAlias": "",
              "toCard": "1",
              "toPort": "2",
              "userdom": ":all:"
            },
            "dn": "uni/infra/accportprof-IntProf-101/hports-E2-typ-range/portblk-PB2",
            "id": "uni/infra/accportprof-IntProf-101/hports-E2-typ-range/portblk-PB2"
          },
          "sensitive_attributes": [],
          "private": "bnVsbA==",
          "dependencies": [
            "module.aci_access_leaf_interface_selector_E2.aci_rest_managed.infraHPortS"
          ]
        }
      ]
    },
    {
      "module": "module.aci_access_leaf_interface_selector_E2",
      "mode": "managed",
      "type": "aci_rest_managed",
      "name": "infraRsAccBaseGrp",
      "provider": "provider[\"registry.terraform.io/ciscodevnet/aci\"]",
      "instances": [
        {
          "index_key": 0,
          "schema_version": 0,
          "attributes": {
            "child": [],
            "class_name": "infraRsAccBaseGrp",
            "content": {
              "fexId": "101",
              "tDn": "uni/infra/funcprof/accportgrp-10G-CDP-LLDP",
              "userdom": ":all:"
            },
            "dn": "uni/infra/accportprof-IntProf-101/hports-E2-typ-range/rsaccBaseGrp",
            "id": "uni/infra/accportprof-IntProf-101/hports-E2-typ-range/rsaccBaseGrp"
          },
          "sensitive_attributes": [],
          "private": "bnVsbA==",
          "dependencies": [
            "module.aci_access_leaf_interface_selector_E2.aci_rest_managed.infraHPortS"
          ]
        }
      ]
    },
    {
      "module": "module.aci_access_leaf_interface_selector_E3",
      "mode": "managed",
      "type": "aci_rest_managed",
      "name": "infraHPortS",
      "provider": "provider[\"registry.terraform.io/ciscodevnet/aci\"]",
      "instances": [
        {
          "schema_version": 0,
          "attributes": {
            "child": [],
            "class_name": "infraHPortS",
            "content": {
              "descr": "",
              "name": "E3",
              "nameAlias": "",
              "ownerKey": "",
              "ownerTag": "",
              "type": "range",
              "userdom": ":all:"
            },
            "dn": "uni/infra/accportprof-IntProf-101/hports-E3-typ-range",
            "id": "uni/infra/accportprof-IntProf-101/hports-E3-typ-range"
          },
          "sensitive_attributes": [],
          "private": "bnVsbA=="
        }
      ]
    },
    {
      "module": "module.aci_access_leaf_interface_selector_E3",
      "mode": "managed",
      "type": "aci_rest_managed",
      "name": "infraPortBlk",
      "provider": "provider[\"registry.terraform.io/ciscodevnet/aci\"]",
      "instances": [
        {
          "index_key": "PB3",
          "schema_version": 0,
          "attributes": {
            "child": [],
            "class_name": "infraPortBlk",
            "content": {
              "descr": "My Description",
              "fromCard": "1",
              "fromPort": "3",
              "name": "PB3",
              "nameAlias": "",
              "toCard": "1",
              "toPort": "3",
              "userdom": ":all:"
            },
            "dn": "uni/infra/accportprof-IntProf-101/hports-E3-typ-range/portblk-PB3",
            "id": "uni/infra/accportprof-IntProf-101/hports-E3-typ-range/portblk-PB3"
          },
          "sensitive_attributes": [],
          "private": "bnVsbA==",
          "dependencies": [
            "module.aci_access_leaf_interface_selector_E3.aci_rest_managed.infraHPortS"
          ]
        }
      ]
    },
    {
      "module": "module.aci_access_leaf_interface_selector_E3",
      "mode": "managed",
      "type": "aci_rest_managed",
      "name": "infraRsAccBaseGrp",
      "provider": "provider[\"registry.terraform.io/ciscodevnet/aci\"]",
      "instances": [
        {
          "index_key": 0,
          "schema_version": 0,
          "attributes": {
            "child": [],
            "class_name": "infraRsAccBaseGrp",
            "content": {
              "fexId": "101",
              "tDn": "uni/infra/funcprof/accportgrp-10G-CDP-LLDP",
              "userdom": ":all:"
            },
            "dn": "uni/infra/accportprof-IntProf-101/hports-E3-typ-range/rsaccBaseGrp",
            "id": "uni/infra/accportprof-IntProf-101/hports-E3-typ-range/rsaccBaseGrp"
          },
          "sensitive_attributes": [],
          "private": "bnVsbA==",
          "dependencies": [
            "module.aci_access_leaf_interface_selector_E3.aci_rest_managed.infraHPortS"
          ]
        }
      ]
    },
    {
      "module": "module.aci_access_leaf_interface_selector_E4",
      "mode": "managed",
      "type": "aci_rest_managed",
      "name": "infraHPortS",
      "provider": "provider[\"registry.terraform.io/ciscodevnet/aci\"]",
      "instances": [
        {
          "schema_version": 0,
          "attributes": {
            "child": [],
            "class_name": "infraHPortS",
            "content": {
              "descr": "",
              "name": "E4",
              "nameAlias": "",
              "ownerKey": "",
              "ownerTag": "",
              "type": "range",
              "userdom": ":all:"
            },
            "dn": "uni/infra/accportprof-IntProf-101/hports-E4-typ-range",
            "id": "uni/infra/accportprof-IntProf-101/hports-E4-typ-range"
          },
          "sensitive_attributes": [],
          "private": "bnVsbA=="
        }
      ]
    },
    {
      "module": "module.aci_access_leaf_interface_selector_E4",
      "mode": "managed",
      "type": "aci_rest_managed",
      "name": "infraPortBlk",
      "provider": "provider[\"registry.terraform.io/ciscodevnet/aci\"]",
      "instances": [
        {
          "index_key": "PB4",
          "schema_version": 0,
          "attributes": {
            "child": [],
            "class_name": "infraPortBlk",
            "content": {
              "descr": "My Description",
              "fromCard": "1",
              "fromPort": "4",
              "name": "PB4",
              "nameAlias": "",
              "toCard": "1",
              "toPort": "4",
              "userdom": ":all:"
            },
            "dn": "uni/infra/accportprof-IntProf-101/hports-E4-typ-range/portblk-PB4",
            "id": "uni/infra/accportprof-IntProf-101/hports-E4-typ-range/portblk-PB4"
          },
          "sensitive_attributes": [],
          "private": "bnVsbA==",
          "dependencies": [
            "module.aci_access_leaf_interface_selector_E4.aci_rest_managed.infraHPortS"
          ]
        }
      ]
    },
    {
      "module": "module.aci_access_leaf_interface_selector_E4",
      "mode": "managed",
      "type": "aci_rest_managed",
      "name": "infraRsAccBaseGrp",
      "provider": "provider[\"registry.terraform.io/ciscodevnet/aci\"]",
      "instances": [
        {
          "index_key": 0,
          "schema_version": 0,
          "attributes": {
            "child": [],
            "class_name": "infraRsAccBaseGrp",
            "content": {
              "fexId": "101",
              "tDn": "uni/infra/funcprof/accportgrp-10G-CDP-LLDP",
              "userdom": ":all:"
            },
            "dn": "uni/infra/accportprof-IntProf-101/hports-E4-typ-range/rsaccBaseGrp",
            "id": "uni/infra/accportprof-IntProf-101/hports-E4-typ-range/rsaccBaseGrp"
          },
          "sensitive_attributes": [],
          "private": "bnVsbA==",
          "dependencies": [
            "module.aci_access_leaf_interface_selector_E4.aci_rest_managed.infraHPortS"
          ]
        }
      ]
    },
    {
      "module": "module.aci_access_leaf_switch_profile_profile_101",
      "mode": "managed",
      "type": "aci_rest_managed",
      "name": "infraLeafS",
      "provider": "provider[\"registry.terraform.io/ciscodevnet/aci\"]",
      "instances": [
        {
          "index_key": "LEAF101",
          "schema_version": 0,
          "attributes": {
            "child": [],
            "class_name": "infraLeafS",
            "content": {
              "descr": "",
              "name": "LEAF101",
              "nameAlias": "",
              "ownerKey": "",
              "ownerTag": "",
              "type": "range",
              "userdom": ":all:"
            },
            "dn": "uni/infra/nprof-SW-PROFILE-101/leaves-LEAF101-typ-range",
            "id": "uni/infra/nprof-SW-PROFILE-101/leaves-LEAF101-typ-range"
          },
          "sensitive_attributes": [],
          "private": "bnVsbA==",
          "dependencies": [
            "module.aci_access_leaf_switch_profile_profile_101.aci_rest_managed.infraNodeP"
          ]
        }
      ]
    },
    {
      "module": "module.aci_access_leaf_switch_profile_profile_101",
      "mode": "managed",
      "type": "aci_rest_managed",
      "name": "infraNodeBlk",
      "provider": "provider[\"registry.terraform.io/ciscodevnet/aci\"]",
      "instances": [
        {
          "index_key": "LEAF101/LEAF101",
          "schema_version": 0,
          "attributes": {
            "child": [],
            "class_name": "infraNodeBlk",
            "content": {
              "descr": "",
              "from_": "101",
              "name": "LEAF101",
              "nameAlias": "",
              "to_": "101",
              "userdom": ":all:"
            },
            "dn": "uni/infra/nprof-SW-PROFILE-101/leaves-LEAF101-typ-range/nodeblk-LEAF101",
            "id": "uni/infra/nprof-SW-PROFILE-101/leaves-LEAF101-typ-range/nodeblk-LEAF101"
          },
          "sensitive_attributes": [],
          "private": "bnVsbA==",
          "dependencies": [
            "module.aci_access_leaf_switch_profile_profile_101.aci_rest_managed.infraLeafS",
            "module.aci_access_leaf_switch_profile_profile_101.aci_rest_managed.infraNodeP"
          ]
        }
      ]
    },
    {
      "module": "module.aci_access_leaf_switch_profile_profile_101",
      "mode": "managed",
      "type": "aci_rest_managed",
      "name": "infraNodeP",
      "provider": "provider[\"registry.terraform.io/ciscodevnet/aci\"]",
      "instances": [
        {
          "schema_version": 0,
          "attributes": {
            "child": [],
            "class_name": "infraNodeP",
            "content": {
              "descr": "",
              "name": "SW-PROFILE-101",
              "nameAlias": "",
              "ownerKey": "",
              "ownerTag": "",
              "userdom": ":all:"
            },
            "dn": "uni/infra/nprof-SW-PROFILE-101",
            "id": "uni/infra/nprof-SW-PROFILE-101"
          },
          "sensitive_attributes": [],
          "private": "bnVsbA=="
        }
      ]
    },
    {
      "module": "module.aci_access_leaf_switch_profile_profile_101",
      "mode": "managed",
      "type": "aci_rest_managed",
      "name": "infraRsAccPortP",
      "provider": "provider[\"registry.terraform.io/ciscodevnet/aci\"]",
      "instances": [
        {
          "index_key": "uni/infra/accportprof-IntProf-101",
          "schema_version": 0,
          "attributes": {
            "child": [],
            "class_name": "infraRsAccPortP",
            "content": {
              "tDn": "uni/infra/accportprof-IntProf-101",
              "userdom": ":all:"
            },
            "dn": "uni/infra/nprof-SW-PROFILE-101/rsaccPortP-[uni/infra/accportprof-IntProf-101]",
            "id": "uni/infra/nprof-SW-PROFILE-101/rsaccPortP-[uni/infra/accportprof-IntProf-101]"
          },
          "sensitive_attributes": [],
          "private": "bnVsbA==",
          "dependencies": [
            "module.aci_access_leaf_switch_profile_profile_101.aci_rest_managed.infraNodeP"
          ]
        }
      ]
    },
    {
      "module": "module.aci_access_leaf_switch_profile_profile_101-102",
      "mode": "managed",
      "type": "aci_rest_managed",
      "name": "infraLeafS",
      "provider": "provider[\"registry.terraform.io/ciscodevnet/aci\"]",
      "instances": [
        {
          "index_key": "LEAF101-102",
          "schema_version": 0,
          "attributes": {
            "child": [],
            "class_name": "infraLeafS",
            "content": {
              "descr": "",
              "name": "LEAF101-102",
              "nameAlias": "",
              "ownerKey": "",
              "ownerTag": "",
              "type": "range",
              "userdom": ":all:"
            },
            "dn": "uni/infra/nprof-SW-PROFILE-101-102/leaves-LEAF101-102-typ-range",
            "id": "uni/infra/nprof-SW-PROFILE-101-102/leaves-LEAF101-102-typ-range"
          },
          "sensitive_attributes": [],
          "private": "bnVsbA==",
          "dependencies": [
            "module.aci_access_leaf_switch_profile_profile_101-102.aci_rest_managed.infraNodeP"
          ]
        }
      ]
    },
    {
      "module": "module.aci_access_leaf_switch_profile_profile_101-102",
      "mode": "managed",
      "type": "aci_rest_managed",
      "name": "infraNodeBlk",
      "provider": "provider[\"registry.terraform.io/ciscodevnet/aci\"]",
      "instances": [
        {
          "index_key": "LEAF101-102/LEAF101-102",
          "schema_version": 0,
          "attributes": {
            "child": [],
            "class_name": "infraNodeBlk",
            "content": {
              "descr": "",
              "from_": "101",
              "name": "LEAF101-102",
              "nameAlias": "",
              "to_": "102",
              "userdom": ":all:"
            },
            "dn": "uni/infra/nprof-SW-PROFILE-101-102/leaves-LEAF101-102-typ-range/nodeblk-LEAF101-102",
            "id": "uni/infra/nprof-SW-PROFILE-101-102/leaves-LEAF101-102-typ-range/nodeblk-LEAF101-102"
          },
          "sensitive_attributes": [],
          "private": "bnVsbA==",
          "dependencies": [
            "module.aci_access_leaf_switch_profile_profile_101-102.aci_rest_managed.infraLeafS",
            "module.aci_access_leaf_switch_profile_profile_101-102.aci_rest_managed.infraNodeP"
          ]
        }
      ]
    },
    {
      "module": "module.aci_access_leaf_switch_profile_profile_101-102",
      "mode": "managed",
      "type": "aci_rest_managed",
      "name": "infraNodeP",
      "provider": "provider[\"registry.terraform.io/ciscodevnet/aci\"]",
      "instances": [
        {
          "schema_version": 0,
          "attributes": {
            "child": [],
            "class_name": "infraNodeP",
            "content": {
              "descr": "",
              "name": "SW-PROFILE-101-102",
              "nameAlias": "",
              "ownerKey": "",
              "ownerTag": "",
              "userdom": ":all:"
            },
            "dn": "uni/infra/nprof-SW-PROFILE-101-102",
            "id": "uni/infra/nprof-SW-PROFILE-101-102"
          },
          "sensitive_attributes": [],
          "private": "bnVsbA=="
        }
      ]
    },
    {
      "module": "module.aci_access_leaf_switch_profile_profile_102",
      "mode": "managed",
      "type": "aci_rest_managed",
      "name": "infraLeafS",
      "provider": "provider[\"registry.terraform.io/ciscodevnet/aci\"]",
      "instances": [
        {
          "index_key": "LEAF102",
          "schema_version": 0,
          "attributes": {
            "child": [],
            "class_name": "infraLeafS",
            "content": {
              "descr": "",
              "name": "LEAF102",
              "nameAlias": "",
              "ownerKey": "",
              "ownerTag": "",
              "type": "range",
              "userdom": ":all:"
            },
            "dn": "uni/infra/nprof-SW-PROFILE-102/leaves-LEAF102-typ-range",
            "id": "uni/infra/nprof-SW-PROFILE-102/leaves-LEAF102-typ-range"
          },
          "sensitive_attributes": [],
          "private": "bnVsbA==",
          "dependencies": [
            "module.aci_access_leaf_switch_profile_profile_102.aci_rest_managed.infraNodeP"
          ]
        }
      ]
    },
    {
      "module": "module.aci_access_leaf_switch_profile_profile_102",
      "mode": "managed",
      "type": "aci_rest_managed",
      "name": "infraNodeBlk",
      "provider": "provider[\"registry.terraform.io/ciscodevnet/aci\"]",
      "instances": [
        {
          "index_key": "LEAF102/LEAF102",
          "schema_version": 0,
          "attributes": {
            "child": [],
            "class_name": "infraNodeBlk",
            "content": {
              "descr": "",
              "from_": "102",
              "name": "LEAF102",
              "nameAlias": "",
              "to_": "102",
              "userdom": ":all:"
            },
            "dn": "uni/infra/nprof-SW-PROFILE-102/leaves-LEAF102-typ-range/nodeblk-LEAF102",
            "id": "uni/infra/nprof-SW-PROFILE-102/leaves-LEAF102-typ-range/nodeblk-LEAF102"
          },
          "sensitive_attributes": [],
          "private": "bnVsbA==",
          "dependencies": [
            "module.aci_access_leaf_switch_profile_profile_102.aci_rest_managed.infraLeafS",
            "module.aci_access_leaf_switch_profile_profile_102.aci_rest_managed.infraNodeP"
          ]
        }
      ]
    },
    {
      "module": "module.aci_access_leaf_switch_profile_profile_102",
      "mode": "managed",
      "type": "aci_rest_managed",
      "name": "infraNodeP",
      "provider": "provider[\"registry.terraform.io/ciscodevnet/aci\"]",
      "instances": [
        {
          "schema_version": 0,
          "attributes": {
            "child": [],
            "class_name": "infraNodeP",
            "content": {
              "descr": "",
              "name": "SW-PROFILE-102",
              "nameAlias": "",
              "ownerKey": "",
              "ownerTag": "",
              "userdom": ":all:"
            },
            "dn": "uni/infra/nprof-SW-PROFILE-102",
            "id": "uni/infra/nprof-SW-PROFILE-102"
          },
          "sensitive_attributes": [],
          "private": "bnVsbA=="
        }
      ]
    },
    {
      "module": "module.aci_access_leaf_switch_profile_profile_102",
      "mode": "managed",
      "type": "aci_rest_managed",
      "name": "infraRsAccPortP",
      "provider": "provider[\"registry.terraform.io/ciscodevnet/aci\"]",
      "instances": [
        {
          "index_key": "uni/infra/accportprof-IntProf-102",
          "schema_version": 0,
          "attributes": {
            "child": [],
            "class_name": "infraRsAccPortP",
            "content": {
              "tDn": "uni/infra/accportprof-IntProf-102",
              "userdom": ":all:"
            },
            "dn": "uni/infra/nprof-SW-PROFILE-102/rsaccPortP-[uni/infra/accportprof-IntProf-102]",
            "id": "uni/infra/nprof-SW-PROFILE-102/rsaccPortP-[uni/infra/accportprof-IntProf-102]"
          },
          "sensitive_attributes": [],
          "private": "bnVsbA==",
          "dependencies": [
            "module.aci_access_leaf_switch_profile_profile_102.aci_rest_managed.infraNodeP"
          ]
        }
      ]
    },
    {
      "module": "module.aci_link_level_policy",
      "mode": "managed",
      "type": "aci_rest_managed",
      "name": "fabricHIfPol",
      "provider": "provider[\"registry.terraform.io/ciscodevnet/aci\"]",
      "instances": [
        {
          "schema_version": 0,
          "attributes": {
            "child": [],
            "class_name": "fabricHIfPol",
            "content": {
              "autoNeg": "on",
              "descr": "",
              "dfeDelayMs": "0",
              "fecMode": "disable-fec",
              "linkDebounce": "100",
              "name": "10G",
              "nameAlias": "",
              "ownerKey": "",
              "ownerTag": "",
              "portPhyMediaType": "auto",
              "speed": "10G",
              "userdom": ":all:"
            },
            "dn": "uni/infra/hintfpol-10G",
            "id": "uni/infra/hintfpol-10G"
          },
          "sensitive_attributes": [],
          "private": "bnVsbA=="
        }
      ]
    },
    {
      "module": "module.aci_link_level_policy_example",
      "mode": "managed",
      "type": "aci_rest_managed",
      "name": "fabricHIfPol",
      "provider": "provider[\"registry.terraform.io/ciscodevnet/aci\"]",
      "instances": [
        {
          "schema_version": 0,
          "attributes": {
            "child": [],
            "class_name": "fabricHIfPol",
            "content": {
              "autoNeg": "on",
              "descr": "",
              "dfeDelayMs": "0",
              "fecMode": "disable-fec",
              "linkDebounce": "100",
              "name": "100G",
              "nameAlias": "",
              "ownerKey": "",
              "ownerTag": "",
              "portPhyMediaType": "auto",
              "speed": "100G",
              "userdom": ":all:"
            },
            "dn": "uni/infra/hintfpol-100G",
            "id": "uni/infra/hintfpol-100G"
          },
          "sensitive_attributes": [],
          "private": "bnVsbA=="
        }
      ]
    },
    {
      "module": "module.aci_mcp_policy_off",
      "mode": "managed",
      "type": "aci_rest_managed",
      "name": "mcpIfPol",
      "provider": "provider[\"registry.terraform.io/ciscodevnet/aci\"]",
      "instances": [
        {
          "schema_version": 0,
          "attributes": {
            "child": [],
            "class_name": "mcpIfPol",
            "content": {
              "adminSt": "disabled",
              "descr": "",
              "name": "MCP-OFF",
              "nameAlias": "",
              "ownerKey": "",
              "ownerTag": "",
              "userdom": ":all:"
            },
            "dn": "uni/infra/mcpIfP-MCP-OFF",
            "id": "uni/infra/mcpIfP-MCP-OFF"
          },
          "sensitive_attributes": [],
          "private": "bnVsbA=="
        }
      ]
    },
    {
      "module": "module.aci_mcp_policy_on",
      "mode": "managed",
      "type": "aci_rest_managed",
      "name": "mcpIfPol",
      "provider": "provider[\"registry.terraform.io/ciscodevnet/aci\"]",
      "instances": [
        {
          "schema_version": 0,
          "attributes": {
            "child": [],
            "class_name": "mcpIfPol",
            "content": {
              "adminSt": "enabled",
              "descr": "",
              "name": "MCP-ON",
              "nameAlias": "",
              "ownerKey": "",
              "ownerTag": "",
              "userdom": ":all:"
            },
            "dn": "uni/infra/mcpIfP-MCP-ON",
            "id": "uni/infra/mcpIfP-MCP-ON"
          },
          "sensitive_attributes": [],
          "private": "bnVsbA=="
        }
      ]
    },
    {
      "module": "module.aci_physical_domain_BU1_BMH-Domain",
      "mode": "managed",
      "type": "aci_rest_managed",
      "name": "infraRsVlanNs",
      "provider": "provider[\"registry.terraform.io/ciscodevnet/aci\"]",
      "instances": [
        {
          "schema_version": 0,
          "attributes": {
            "child": [],
            "class_name": "infraRsVlanNs",
            "content": {
              "tDn": "uni/infra/vlanns-[BU1_BMH-VLAN]-static",
              "userdom": ":all:"
            },
            "dn": "uni/phys-BU1_BMH-Domain/rsvlanNs",
            "id": "uni/phys-BU1_BMH-Domain/rsvlanNs"
          },
          "sensitive_attributes": [],
          "private": "bnVsbA==",
          "dependencies": [
            "module.aci_physical_domain_BU1_BMH-Domain.aci_rest_managed.physDomP"
          ]
        }
      ]
    },
    {
      "module": "module.aci_physical_domain_BU1_BMH-Domain",
      "mode": "managed",
      "type": "aci_rest_managed",
      "name": "physDomP",
      "provider": "provider[\"registry.terraform.io/ciscodevnet/aci\"]",
      "instances": [
        {
          "schema_version": 0,
          "attributes": {
            "child": [],
            "class_name": "physDomP",
            "content": {
              "name": "BU1_BMH-Domain",
              "nameAlias": "",
              "ownerKey": "",
              "ownerTag": "",
              "userdom": ":all:"
            },
            "dn": "uni/phys-BU1_BMH-Domain",
            "id": "uni/phys-BU1_BMH-Domain"
          },
          "sensitive_attributes": [],
          "private": "bnVsbA=="
        }
      ]
    },
    {
      "module": "module.aci_port_channel_policy_LACP_ACTIVE",
      "mode": "managed",
      "type": "aci_rest_managed",
      "name": "l2LoadBalancePol",
      "provider": "provider[\"registry.terraform.io/ciscodevnet/aci\"]",
      "instances": [
        {
          "index_key": 0,
          "schema_version": 0,
          "attributes": {
            "child": [],
            "class_name": "l2LoadBalancePol",
            "content": {
              "descr": "",
              "hashFields": "src-ip",
              "name": "",
              "nameAlias": "",
              "ownerKey": "",
              "ownerTag": "",
              "userdom": ":all:"
            },
            "dn": "uni/infra/lacplagp-PC-LACP-ACTIVE/loadbalanceP",
            "id": "uni/infra/lacplagp-PC-LACP-ACTIVE/loadbalanceP"
          },
          "sensitive_attributes": [],
          "private": "bnVsbA==",
          "dependencies": [
            "module.aci_port_channel_policy_LACP_ACTIVE.aci_rest_managed.lacpLagPol"
          ]
        }
      ]
    },
    {
      "module": "module.aci_port_channel_policy_LACP_ACTIVE",
      "mode": "managed",
      "type": "aci_rest_managed",
      "name": "lacpLagPol",
      "provider": "provider[\"registry.terraform.io/ciscodevnet/aci\"]",
      "instances": [
        {
          "schema_version": 0,
          "attributes": {
            "child": [],
            "class_name": "lacpLagPol",
            "content": {
              "ctrl": "load-defer,symmetric-hash",
              "descr": "",
              "maxLinks": "16",
              "minLinks": "1",
              "mode": "active",
              "name": "PC-LACP-ACTIVE",
              "nameAlias": "",
              "ownerKey": "",
              "ownerTag": "",
              "userdom": ":all:"
            },
            "dn": "uni/infra/lacplagp-PC-LACP-ACTIVE",
            "id": "uni/infra/lacplagp-PC-LACP-ACTIVE"
          },
          "sensitive_attributes": [],
          "private": "bnVsbA=="
        }
      ]
    },
    {
      "module": "module.aci_port_channel_policy_MAC_PINNING",
      "mode": "managed",
      "type": "aci_rest_managed",
      "name": "l2LoadBalancePol",
      "provider": "provider[\"registry.terraform.io/ciscodevnet/aci\"]",
      "instances": [
        {
          "index_key": 0,
          "schema_version": 0,
          "attributes": {
            "child": [],
            "class_name": "l2LoadBalancePol",
            "content": {
              "descr": "",
              "hashFields": "src-ip",
              "name": "",
              "nameAlias": "",
              "ownerKey": "",
              "ownerTag": "",
              "userdom": ":all:"
            },
            "dn": "uni/infra/lacplagp-PC-MAC_PINNING/loadbalanceP",
            "id": "uni/infra/lacplagp-PC-MAC_PINNING/loadbalanceP"
          },
          "sensitive_attributes": [],
          "private": "bnVsbA==",
          "dependencies": [
            "module.aci_port_channel_policy_MAC_PINNING.aci_rest_managed.lacpLagPol"
          ]
        }
      ]
    },
    {
      "module": "module.aci_port_channel_policy_MAC_PINNING",
      "mode": "managed",
      "type": "aci_rest_managed",
      "name": "lacpLagPol",
      "provider": "provider[\"registry.terraform.io/ciscodevnet/aci\"]",
      "instances": [
        {
          "schema_version": 0,
          "attributes": {
            "child": [],
            "class_name": "lacpLagPol",
            "content": {
              "ctrl": "load-defer,symmetric-hash",
              "descr": "",
              "maxLinks": "16",
              "minLinks": "1",
              "mode": "mac-pin",
              "name": "PC-MAC_PINNING",
              "nameAlias": "",
              "ownerKey": "",
              "ownerTag": "",
              "userdom": ":all:"
            },
            "dn": "uni/infra/lacplagp-PC-MAC_PINNING",
            "id": "uni/infra/lacplagp-PC-MAC_PINNING"
          },
          "sensitive_attributes": [],
          "private": "bnVsbA=="
        }
      ]
    },
    {
      "module": "module.aci_port_channel_policy_STATIC_ON",
      "mode": "managed",
      "type": "aci_rest_managed",
      "name": "l2LoadBalancePol",
      "provider": "provider[\"registry.terraform.io/ciscodevnet/aci\"]",
      "instances": [
        {
          "index_key": 0,
          "schema_version": 0,
          "attributes": {
            "child": [],
            "class_name": "l2LoadBalancePol",
            "content": {
              "descr": "",
              "hashFields": "src-ip",
              "name": "",
              "nameAlias": "",
              "ownerKey": "",
              "ownerTag": "",
              "userdom": ":all:"
            },
            "dn": "uni/infra/lacplagp-PC-STATIC_ON/loadbalanceP",
            "id": "uni/infra/lacplagp-PC-STATIC_ON/loadbalanceP"
          },
          "sensitive_attributes": [],
          "private": "bnVsbA==",
          "dependencies": [
            "module.aci_port_channel_policy_STATIC_ON.aci_rest_managed.lacpLagPol"
          ]
        }
      ]
    },
    {
      "module": "module.aci_port_channel_policy_STATIC_ON",
      "mode": "managed",
      "type": "aci_rest_managed",
      "name": "lacpLagPol",
      "provider": "provider[\"registry.terraform.io/ciscodevnet/aci\"]",
      "instances": [
        {
          "schema_version": 0,
          "attributes": {
            "child": [],
            "class_name": "lacpLagPol",
            "content": {
              "ctrl": "load-defer,symmetric-hash",
              "descr": "",
              "maxLinks": "16",
              "minLinks": "1",
              "mode": "off",
              "name": "PC-STATIC_ON",
              "nameAlias": "",
              "ownerKey": "",
              "ownerTag": "",
              "userdom": ":all:"
            },
            "dn": "uni/infra/lacplagp-PC-STATIC_ON",
            "id": "uni/infra/lacplagp-PC-STATIC_ON"
          },
          "sensitive_attributes": [],
          "private": "bnVsbA=="
        }
      ]
    },
    {
      "module": "module.aci_vlan_pool_BU1_BMH-VLAN",
      "mode": "managed",
      "type": "aci_rest_managed",
      "name": "fvnsEncapBlk",
      "provider": "provider[\"registry.terraform.io/ciscodevnet/aci\"]",
      "instances": [
        {
          "index_key": "1000",
          "schema_version": 0,
          "attributes": {
            "child": [],
            "class_name": "fvnsEncapBlk",
            "content": {
              "allocMode": "inherit",
              "descr": "Range 1",
              "from": "vlan-1000",
              "name": "",
              "nameAlias": "",
              "role": "internal",
              "to": "vlan-1000",
              "userdom": ":all:"
            },
            "dn": "uni/infra/vlanns-[BU1_BMH-VLAN]-static/from-[vlan-1000]-to-[vlan-1000]",
            "id": "uni/infra/vlanns-[BU1_BMH-VLAN]-static/from-[vlan-1000]-to-[vlan-1000]"
          },
          "sensitive_attributes": [],
          "private": "bnVsbA==",
          "dependencies": [
            "module.aci_vlan_pool_BU1_BMH-VLAN.aci_rest_managed.fvnsVlanInstP"
          ]
        },
        {
          "index_key": "1001",
          "schema_version": 0,
          "attributes": {
            "child": [],
            "class_name": "fvnsEncapBlk",
            "content": {
              "allocMode": "inherit",
              "descr": "Range 2",
              "from": "vlan-1001",
              "name": "",
              "nameAlias": "",
              "role": "internal",
              "to": "vlan-1001",
              "userdom": ":all:"
            },
            "dn": "uni/infra/vlanns-[BU1_BMH-VLAN]-static/from-[vlan-1001]-to-[vlan-1001]",
            "id": "uni/infra/vlanns-[BU1_BMH-VLAN]-static/from-[vlan-1001]-to-[vlan-1001]"
          },
          "sensitive_attributes": [],
          "private": "bnVsbA==",
          "dependencies": [
            "module.aci_vlan_pool_BU1_BMH-VLAN.aci_rest_managed.fvnsVlanInstP"
          ]
        }
      ]
    },
    {
      "module": "module.aci_vlan_pool_BU1_BMH-VLAN",
      "mode": "managed",
      "type": "aci_rest_managed",
      "name": "fvnsVlanInstP",
      "provider": "provider[\"registry.terraform.io/ciscodevnet/aci\"]",
      "instances": [
        {
          "schema_version": 0,
          "attributes": {
            "child": [],
            "class_name": "fvnsVlanInstP",
            "content": {
              "allocMode": "static",
              "descr": "Vlan Pool 1",
              "name": "BU1_BMH-VLAN",
              "nameAlias": "",
              "ownerKey": "",
              "ownerTag": "",
              "userdom": ":all:"
            },
            "dn": "uni/infra/vlanns-[BU1_BMH-VLAN]-static",
            "id": "uni/infra/vlanns-[BU1_BMH-VLAN]-static"
          },
          "sensitive_attributes": [],
          "private": "bnVsbA=="
        }
      ]
    },
    {
      "module": "module.aci_vlan_pool_BU1_VMM-VLAN",
      "mode": "managed",
      "type": "aci_rest_managed",
      "name": "fvnsEncapBlk",
      "provider": "provider[\"registry.terraform.io/ciscodevnet/aci\"]",
      "instances": [
        {
          "index_key": "1005",
          "schema_version": 0,
          "attributes": {
            "child": [],
            "class_name": "fvnsEncapBlk",
            "content": {
              "allocMode": "inherit",
              "descr": "Range 1",
              "from": "vlan-1005",
              "name": "",
              "nameAlias": "",
              "role": "internal",
              "to": "vlan-1020",
              "userdom": ":all:"
            },
            "dn": "uni/infra/vlanns-[BU1_VMM-VLAN]-dynamic/from-[vlan-1005]-to-[vlan-1020]",
            "id": "uni/infra/vlanns-[BU1_VMM-VLAN]-dynamic/from-[vlan-1005]-to-[vlan-1020]"
          },
          "sensitive_attributes": [],
          "private": "bnVsbA==",
          "dependencies": [
            "module.aci_vlan_pool_BU1_VMM-VLAN.aci_rest_managed.fvnsVlanInstP"
          ]
        }
      ]
    },
    {
      "module": "module.aci_vlan_pool_BU1_VMM-VLAN",
      "mode": "managed",
      "type": "aci_rest_managed",
      "name": "fvnsVlanInstP",
      "provider": "provider[\"registry.terraform.io/ciscodevnet/aci\"]",
      "instances": [
        {
          "schema_version": 0,
          "attributes": {
            "child": [],
            "class_name": "fvnsVlanInstP",
            "content": {
              "allocMode": "dynamic",
              "descr": "Vlan Pool 2",
              "name": "BU1_VMM-VLAN",
              "nameAlias": "",
              "ownerKey": "",
              "ownerTag": "",
              "userdom": ":all:"
            },
            "dn": "uni/infra/vlanns-[BU1_VMM-VLAN]-dynamic",
            "id": "uni/infra/vlanns-[BU1_VMM-VLAN]-dynamic"
          },
          "sensitive_attributes": [],
          "private": "bnVsbA=="
        }
      ]
    }
  ],
  "check_results": null
}
